
Microsoft Visual Studio Solution File, Format Version 12.00
# Visual Studio Version 17
VisualStudioVersion = 17.12.35521.163 d17.12
MinimumVisualStudioVersion = 10.0.40219.1
Project("{FAE04EC0-301F-11D3-BF4B-00C04F79EFBC}") = "Notification.Domain", "Notification.Domain\Notification.Domain.csproj", "{9AD28D84-F308-4157-BAAA-05142A637754}"
EndProject
Project("{FAE04EC0-301F-11D3-BF4B-00C04F79EFBC}") = "Notification.Application", "Notification.Application\Notification.Application.csproj", "{BDDD4C05-B267-4007-9E20-1013FEF2AFC6}"
EndProject
Project("{FAE04EC0-301F-11D3-BF4B-00C04F79EFBC}") = "Notification.Application.Contracts", "Notification.Application.Contracts\Notification.Application.Contracts.csproj", "{6C645DE7-5B8A-41AA-A271-FE988C2E3BB7}"
EndProject
Project("{FAE04EC0-301F-11D3-BF4B-00C04F79EFBC}") = "Notification.Infrastrucutre", "Notification.Infrastrucutre\Notification.Infrastrucutre.csproj", "{49A16B4D-30F4-4836-A8E1-AFFBBC2C6FE0}"
EndProject
Project("{FAE04EC0-301F-11D3-BF4B-00C04F79EFBC}") = "Notification.Infrastrucutre.Database", "Notification.Infrastrucutre.Database\Notification.Infrastrucutre.Database.csproj", "{54D1183B-53D9-47B7-9D59-B0E3F276FF9F}"
EndProject
Project("{FAE04EC0-301F-11D3-BF4B-00C04F79EFBC}") = "Notification.API", "Notification.API\Notification.API.csproj", "{DACD8F37-A962-47DC-A407-6748980322DB}"
EndProject
Global
	GlobalSection(SolutionConfigurationPlatforms) = preSolution
		Debug|Any CPU = Debug|Any CPU
		Release|Any CPU = Release|Any CPU
	EndGlobalSection
	GlobalSection(ProjectConfigurationPlatforms) = postSolution
		{9AD28D84-F308-4157-BAAA-05142A637754}.Debug|Any CPU.ActiveCfg = Debug|Any CPU
		{9AD28D84-F308-4157-BAAA-05142A637754}.Debug|Any CPU.Build.0 = Debug|Any CPU
		{9AD28D84-F308-4157-BAAA-05142A637754}.Release|Any CPU.ActiveCfg = Release|Any CPU
		{9AD28D84-F308-4157-BAAA-05142A637754}.Release|Any CPU.Build.0 = Release|Any CPU
		{BDDD4C05-B267-4007-9E20-1013FEF2AFC6}.Debug|Any CPU.ActiveCfg = Debug|Any CPU
		{BDDD4C05-B267-4007-9E20-1013FEF2AFC6}.Debug|Any CPU.Build.0 = Debug|Any CPU
		{BDDD4C05-B267-4007-9E20-1013FEF2AFC6}.Release|Any CPU.ActiveCfg = Release|Any CPU
		{BDDD4C05-B267-4007-9E20-1013FEF2AFC6}.Release|Any CPU.Build.0 = Release|Any CPU
		{6C645DE7-5B8A-41AA-A271-FE988C2E3BB7}.Debug|Any CPU.ActiveCfg = Debug|Any CPU
		{6C645DE7-5B8A-41AA-A271-FE988C2E3BB7}.Debug|Any CPU.Build.0 = Debug|Any CPU
		{6C645DE7-5B8A-41AA-A271-FE988C2E3BB7}.Release|Any CPU.ActiveCfg = Release|Any CPU
		{6C645DE7-5B8A-41AA-A271-FE988C2E3BB7}.Release|Any CPU.Build.0 = Release|Any CPU
		{49A16B4D-30F4-4836-A8E1-AFFBBC2C6FE0}.Debug|Any CPU.ActiveCfg = Debug|Any CPU
		{49A16B4D-30F4-4836-A8E1-AFFBBC2C6FE0}.Debug|Any CPU.Build.0 = Debug|Any CPU
		{49A16B4D-30F4-4836-A8E1-AFFBBC2C6FE0}.Release|Any CPU.ActiveCfg = Release|Any CPU
		{49A16B4D-30F4-4836-A8E1-AFFBBC2C6FE0}.Release|Any CPU.Build.0 = Release|Any CPU
		{54D1183B-53D9-47B7-9D59-B0E3F276FF9F}.Debug|Any CPU.ActiveCfg = Debug|Any CPU
		{54D1183B-53D9-47B7-9D59-B0E3F276FF9F}.Debug|Any CPU.Build.0 = Debug|Any CPU
		{54D1183B-53D9-47B7-9D59-B0E3F276FF9F}.Release|Any CPU.ActiveCfg = Release|Any CPU
		{54D1183B-53D9-47B7-9D59-B0E3F276FF9F}.Release|Any CPU.Build.0 = Release|Any CPU
		{DACD8F37-A962-47DC-A407-6748980322DB}.Debug|Any CPU.ActiveCfg = Debug|Any CPU
		{DACD8F37-A962-47DC-A407-6748980322DB}.Debug|Any CPU.Build.0 = Debug|Any CPU
		{DACD8F37-A962-47DC-A407-6748980322DB}.Release|Any CPU.ActiveCfg = Release|Any CPU
		{DACD8F37-A962-47DC-A407-6748980322DB}.Release|Any CPU.Build.0 = Release|Any CPU
	EndGlobalSection
	GlobalSection(SolutionProperties) = preSolution
		HideSolutionNode = FALSE
	EndGlobalSection
EndGlobal
